
Microsoft Visual Studio Solution File, Format Version 12.00
# Visual Studio Version 17
VisualStudioVersion = 17.9.34622.214
MinimumVisualStudioVersion = 10.0.40219.1
Project("{888888A0-9F3D-457C-B088-3A5042F75D52}") = "BasicGame", "BasicGame\BasicGame.pyproj", "{5A7566CB-341F-4767-B5B3-CCE4AD93BC01}"
EndProject
Global
	GlobalSection(SolutionConfigurationPlatforms) = preSolution
		Debug|Any CPU = Debug|Any CPU
		Release|Any CPU = Release|Any CPU
	EndGlobalSection
	GlobalSection(ProjectConfigurationPlatforms) = postSolution
		{5A7566CB-341F-4767-B5B3-CCE4AD93BC01}.Debug|Any CPU.ActiveCfg = Debug|Any CPU
		{5A7566CB-341F-4767-B5B3-CCE4AD93BC01}.Release|Any CPU.ActiveCfg = Release|Any CPU
	EndGlobalSection
	GlobalSection(SolutionProperties) = preSolution
		HideSolutionNode = FALSE
	EndGlobalSection
	GlobalSection(ExtensibilityGlobals) = postSolution
		SolutionGuid = {658B4096-FD8A-47AA-AE6C-0CB471EBCD4C}
	EndGlobalSection
EndGlobal
